
Microsoft Visual Studio Solution File, Format Version 12.00
# Visual Studio 15
VisualStudioVersion = 15.0.28307.1525
MinimumVisualStudioVersion = 10.0.40219.1
Project("{FAE04EC0-301F-11D3-BF4B-00C04F79EFBC}") = "Chocolate", "Chocolate\Chocolate.csproj", "{D04B048F-1C49-4D56-BF4F-ABC931621400}"
EndProject
Global
	GlobalSection(SolutionConfigurationPlatforms) = preSolution
		Debug|Any CPU = Debug|Any CPU
		Release|Any CPU = Release|Any CPU
	EndGlobalSection
	GlobalSection(ProjectConfigurationPlatforms) = postSolution
		{D04B048F-1C49-4D56-BF4F-ABC931621400}.Debug|Any CPU.ActiveCfg = Debug|Any CPU
		{D04B048F-1C49-4D56-BF4F-ABC931621400}.Debug|Any CPU.Build.0 = Debug|Any CPU
		{D04B048F-1C49-4D56-BF4F-ABC931621400}.Release|Any CPU.ActiveCfg = Release|Any CPU
		{D04B048F-1C49-4D56-BF4F-ABC931621400}.Release|Any CPU.Build.0 = Release|Any CPU
	EndGlobalSection
	GlobalSection(SolutionProperties) = preSolution
		HideSolutionNode = FALSE
	EndGlobalSection
	GlobalSection(ExtensibilityGlobals) = postSolution
		SolutionGuid = {D08CBF8F-35F9-44E5-841C-969CA3A380F5}
	EndGlobalSection
EndGlobal
